
Microsoft Visual Studio Solution File, Format Version 12.00
# Visual Studio Version 17
VisualStudioVersion = 17.0.31912.275
MinimumVisualStudioVersion = 10.0.40219.1
Project("{FAE04EC0-301F-11D3-BF4B-00C04F79EFBC}") = "Game", "Game\Game.csproj", "{20E8FFB8-1872-430D-924C-551019E3B134}"
EndProject
Global
	GlobalSection(SolutionConfigurationPlatforms) = preSolution
		Debug|Any CPU = Debug|Any CPU
		Release|Any CPU = Release|Any CPU
	EndGlobalSection
	GlobalSection(ProjectConfigurationPlatforms) = postSolution
		{20E8FFB8-1872-430D-924C-551019E3B134}.Debug|Any CPU.ActiveCfg = Debug|Any CPU
		{20E8FFB8-1872-430D-924C-551019E3B134}.Debug|Any CPU.Build.0 = Debug|Any CPU
		{20E8FFB8-1872-430D-924C-551019E3B134}.Release|Any CPU.ActiveCfg = Release|Any CPU
		{20E8FFB8-1872-430D-924C-551019E3B134}.Release|Any CPU.Build.0 = Release|Any CPU
	EndGlobalSection
	GlobalSection(SolutionProperties) = preSolution
		HideSolutionNode = FALSE
	EndGlobalSection
	GlobalSection(ExtensibilityGlobals) = postSolution
		SolutionGuid = {860FC965-977E-42D9-A42D-9B96B8C12B27}
	EndGlobalSection
EndGlobal
